// !$*UTF8*$!
{
	archiveVersion = 1;
	classes = {
	};
	objectVersion = 46;
	objects = {

/* Begin PBXBuildFile section */
		6557F7AC1C2C655D00E6780D /* Alamofire.framework in Frameworks */ = {isa = PBXBuildFile; fileRef = 6557F7AA1C2C655D00E6780D /* Alamofire.framework */; };
		6557F7AD1C2C655D00E6780D /* Alamofire.framework in Embed Frameworks */ = {isa = PBXBuildFile; fileRef = 6557F7AA1C2C655D00E6780D /* Alamofire.framework */; settings = {ATTRIBUTES = (CodeSignOnCopy, RemoveHeadersOnCopy, ); }; };
		6557F7AE1C2C655D00E6780D /* KeychainAccess.framework in Frameworks */ = {isa = PBXBuildFile; fileRef = 6557F7AB1C2C655D00E6780D /* KeychainAccess.framework */; };
		6557F7AF1C2C655D00E6780D /* KeychainAccess.framework in Embed Frameworks */ = {isa = PBXBuildFile; fileRef = 6557F7AB1C2C655D00E6780D /* KeychainAccess.framework */; settings = {ATTRIBUTES = (CodeSignOnCopy, RemoveHeadersOnCopy, ); }; };
		6557F7B31C2CF13800E6780D /* SettingsTableViewController.swift in Sources */ = {isa = PBXBuildFile; fileRef = 6557F7B21C2CF13800E6780D /* SettingsTableViewController.swift */; };
		6557F7B51C2CF5ED00E6780D /* Settings_FindMe_TableViewCell.swift in Sources */ = {isa = PBXBuildFile; fileRef = 6557F7B41C2CF5ED00E6780D /* Settings_FindMe_TableViewCell.swift */; };
		6557F7B71C2CF67700E6780D /* Settings_CatArchives_TableViewCell.swift in Sources */ = {isa = PBXBuildFile; fileRef = 6557F7B61C2CF67700E6780D /* Settings_CatArchives_TableViewCell.swift */; };
		6557F7B91C2CFFB300E6780D /* CatArchiveItemTableViewCell.swift in Sources */ = {isa = PBXBuildFile; fileRef = 6557F7B81C2CFFB300E6780D /* CatArchiveItemTableViewCell.swift */; };
		6557F7BB1C2CFFD100E6780D /* CatArchiveEditTableViewController.swift in Sources */ = {isa = PBXBuildFile; fileRef = 6557F7BA1C2CFFD100E6780D /* CatArchiveEditTableViewController.swift */; };
		6557F7BD1C2D02D300E6780D /* CatArchiveAvatarTableViewCell.swift in Sources */ = {isa = PBXBuildFile; fileRef = 6557F7BC1C2D02D300E6780D /* CatArchiveAvatarTableViewCell.swift */; };
		6557F7C41C2D2B1A00E6780D /* CatArchiveListTableViewController.swift in Sources */ = {isa = PBXBuildFile; fileRef = 6557F7C31C2D2B1A00E6780D /* CatArchiveListTableViewController.swift */; };
		6557F7C61C2D2DDA00E6780D /* CatArchiveDetailTableViewController.swift in Sources */ = {isa = PBXBuildFile; fileRef = 6557F7C51C2D2DDA00E6780D /* CatArchiveDetailTableViewController.swift */; };
		65CE59981C2A7405008809B0 /* AppDelegate.swift in Sources */ = {isa = PBXBuildFile; fileRef = 65CE59971C2A7405008809B0 /* AppDelegate.swift */; };
		65CE599A1C2A7405008809B0 /* ViewController.swift in Sources */ = {isa = PBXBuildFile; fileRef = 65CE59991C2A7405008809B0 /* ViewController.swift */; };
		65CE599D1C2A7405008809B0 /* Main.storyboard in Resources */ = {isa = PBXBuildFile; fileRef = 65CE599B1C2A7405008809B0 /* Main.storyboard */; };
		65CE599F1C2A7405008809B0 /* Assets.xcassets in Resources */ = {isa = PBXBuildFile; fileRef = 65CE599E1C2A7405008809B0 /* Assets.xcassets */; };
		65CE59A21C2A7405008809B0 /* LaunchScreen.storyboard in Resources */ = {isa = PBXBuildFile; fileRef = 65CE59A01C2A7405008809B0 /* LaunchScreen.storyboard */; };
		65CE59AD1C2A7405008809B0 /* MAMapKitDemoTests.swift in Sources */ = {isa = PBXBuildFile; fileRef = 65CE59AC1C2A7405008809B0 /* MAMapKitDemoTests.swift */; };
		65CE59B91C2A743B008809B0 /* AMapSearchKit.framework in Frameworks */ = {isa = PBXBuildFile; fileRef = 65CE59B71C2A743B008809B0 /* AMapSearchKit.framework */; };
		65CE59BE1C2A7507008809B0 /* UIKit.framework in Frameworks */ = {isa = PBXBuildFile; fileRef = 65CE59BD1C2A7507008809B0 /* UIKit.framework */; };
		65CE59C01C2A7512008809B0 /* Foundation.framework in Frameworks */ = {isa = PBXBuildFile; fileRef = 65CE59BF1C2A7512008809B0 /* Foundation.framework */; };
		65CE59C21C2A751A008809B0 /* CoreGraphics.framework in Frameworks */ = {isa = PBXBuildFile; fileRef = 65CE59C11C2A751A008809B0 /* CoreGraphics.framework */; };
		65CE59C41C2A7528008809B0 /* QuartzCore.framework in Frameworks */ = {isa = PBXBuildFile; fileRef = 65CE59C31C2A7528008809B0 /* QuartzCore.framework */; };
		65CE59C61C2A7532008809B0 /* CoreLocation.framework in Frameworks */ = {isa = PBXBuildFile; fileRef = 65CE59C51C2A7532008809B0 /* CoreLocation.framework */; };
		65CE59C81C2A753A008809B0 /* CoreTelephony.framework in Frameworks */ = {isa = PBXBuildFile; fileRef = 65CE59C71C2A753A008809B0 /* CoreTelephony.framework */; };
		65CE59CA1C2A7545008809B0 /* SystemConfiguration.framework in Frameworks */ = {isa = PBXBuildFile; fileRef = 65CE59C91C2A7545008809B0 /* SystemConfiguration.framework */; };
		65CE59CE1C2A7568008809B0 /* libstdc++.6.0.9.tbd in Frameworks */ = {isa = PBXBuildFile; fileRef = 65CE59CD1C2A7568008809B0 /* libstdc++.6.0.9.tbd */; };
		65CE59D21C2A7584008809B0 /* Security.framework in Frameworks */ = {isa = PBXBuildFile; fileRef = 65CE59D11C2A7584008809B0 /* Security.framework */; };
		65CE59D51C2A75AD008809B0 /* libz.tbd in Frameworks */ = {isa = PBXBuildFile; fileRef = 65CE59D41C2A75AD008809B0 /* libz.tbd */; };
		65CE59DA1C2AC59D008809B0 /* OpenGLES.framework in Frameworks */ = {isa = PBXBuildFile; fileRef = 65CE59D91C2AC59D008809B0 /* OpenGLES.framework */; };
		65CE59DC1C2AC5F0008809B0 /* libc++.tbd in Frameworks */ = {isa = PBXBuildFile; fileRef = 65CE59DB1C2AC5F0008809B0 /* libc++.tbd */; };
		65CE59DF1C2AC66D008809B0 /* MAMapKit.framework in Frameworks */ = {isa = PBXBuildFile; fileRef = 65CE59DE1C2AC66D008809B0 /* MAMapKit.framework */; };
		65CE59E11C2AC68C008809B0 /* AMap.bundle in Resources */ = {isa = PBXBuildFile; fileRef = 65CE59E01C2AC68C008809B0 /* AMap.bundle */; };
		65CE59E81C2AF9E4008809B0 /* SearchResultTableViewCell.swift in Sources */ = {isa = PBXBuildFile; fileRef = 65CE59E71C2AF9E4008809B0 /* SearchResultTableViewCell.swift */; };
		65D54D191C30340100F7B450 /* SwiftyJSON.framework in Frameworks */ = {isa = PBXBuildFile; fileRef = 65D54D181C30340100F7B450 /* SwiftyJSON.framework */; };
		65D54D1A1C30340100F7B450 /* SwiftyJSON.framework in Embed Frameworks */ = {isa = PBXBuildFile; fileRef = 65D54D181C30340100F7B450 /* SwiftyJSON.framework */; settings = {ATTRIBUTES = (CodeSignOnCopy, RemoveHeadersOnCopy, ); }; };
		65DAC81B1C2D8A7000335EFC /* CatArchiveDetailItemTableViewCell.swift in Sources */ = {isa = PBXBuildFile; fileRef = 65DAC81A1C2D8A7000335EFC /* CatArchiveDetailItemTableViewCell.swift */; };
		65DAC81D1C2D902A00335EFC /* FeedbackViewController.swift in Sources */ = {isa = PBXBuildFile; fileRef = 65DAC81C1C2D902A00335EFC /* FeedbackViewController.swift */; };
		65DAC82A1C2E55EF00335EFC /* MainNavigationController.swift in Sources */ = {isa = PBXBuildFile; fileRef = 65DAC8291C2E55EF00335EFC /* MainNavigationController.swift */; };
		65DAC82C1C2E569600335EFC /* MainTabBarController.swift in Sources */ = {isa = PBXBuildFile; fileRef = 65DAC82B1C2E569600335EFC /* MainTabBarController.swift */; };
		65DAC82F1C2E578300335EFC /* MainRootViewController.swift in Sources */ = {isa = PBXBuildFile; fileRef = 65DAC82E1C2E578300335EFC /* MainRootViewController.swift */; };
		65DAC83A1C2E5C7C00335EFC /* Constant.swift in Sources */ = {isa = PBXBuildFile; fileRef = 65DAC8391C2E5C7C00335EFC /* Constant.swift */; };
		65DAC8401C2EB97F00335EFC /* NotificationAlertObserverProtocol.swift in Sources */ = {isa = PBXBuildFile; fileRef = 65DAC83F1C2EB97F00335EFC /* NotificationAlertObserverProtocol.swift */; };
		65DAC8421C2EBDA700335EFC /* LoginRequesterProtocol.swift in Sources */ = {isa = PBXBuildFile; fileRef = 65DAC8411C2EBDA700335EFC /* LoginRequesterProtocol.swift */; };
		65EE13781C2C15CB000CA852 /* FServiceManager.framework in Frameworks */ = {isa = PBXBuildFile; fileRef = 65EE13771C2C15CB000CA852 /* FServiceManager.framework */; };
		65EE13791C2C15CB000CA852 /* FServiceManager.framework in Embed Frameworks */ = {isa = PBXBuildFile; fileRef = 65EE13771C2C15CB000CA852 /* FServiceManager.framework */; settings = {ATTRIBUTES = (CodeSignOnCopy, RemoveHeadersOnCopy, ); }; };
/* End PBXBuildFile section */

/* Begin PBXContainerItemProxy section */
		65CE59A91C2A7405008809B0 /* PBXContainerItemProxy */ = {
			isa = PBXContainerItemProxy;
			containerPortal = 65CE598C1C2A7405008809B0 /* Project object */;
			proxyType = 1;
			remoteGlobalIDString = 65CE59931C2A7405008809B0;
			remoteInfo = MAMapKitDemo;
		};
/* End PBXContainerItemProxy section */

/* Begin PBXCopyFilesBuildPhase section */
		65EE137A1C2C15CB000CA852 /* Embed Frameworks */ = {
			isa = PBXCopyFilesBuildPhase;
			buildActionMask = 2147483647;
			dstPath = "";
			dstSubfolderSpec = 10;
			files = (
				65D54D1A1C30340100F7B450 /* SwiftyJSON.framework in Embed Frameworks */,
				6557F7AF1C2C655D00E6780D /* KeychainAccess.framework in Embed Frameworks */,
				65EE13791C2C15CB000CA852 /* FServiceManager.framework in Embed Frameworks */,
				6557F7AD1C2C655D00E6780D /* Alamofire.framework in Embed Frameworks */,
			);
			name = "Embed Frameworks";
			runOnlyForDeploymentPostprocessing = 0;
		};
/* End PBXCopyFilesBuildPhase section */

/* Begin PBXFileReference section */
		6557F7AA1C2C655D00E6780D /* Alamofire.framework */ = {isa = PBXFileReference; lastKnownFileType = wrapper.framework; name = Alamofire.framework; path = Carthage/Build/iOS/Alamofire.framework; sourceTree = "<group>"; };
		6557F7AB1C2C655D00E6780D /* KeychainAccess.framework */ = {isa = PBXFileReference; lastKnownFileType = wrapper.framework; name = KeychainAccess.framework; path = Carthage/Build/iOS/KeychainAccess.framework; sourceTree = "<group>"; };
		6557F7B21C2CF13800E6780D /* SettingsTableViewController.swift */ = {isa = PBXFileReference; fileEncoding = 4; lastKnownFileType = sourcecode.swift; path = SettingsTableViewController.swift; sourceTree = "<group>"; };
		6557F7B41C2CF5ED00E6780D /* Settings_FindMe_TableViewCell.swift */ = {isa = PBXFileReference; fileEncoding = 4; lastKnownFileType = sourcecode.swift; path = Settings_FindMe_TableViewCell.swift; sourceTree = "<group>"; };
		6557F7B61C2CF67700E6780D /* Settings_CatArchives_TableViewCell.swift */ = {isa = PBXFileReference; fileEncoding = 4; lastKnownFileType = sourcecode.swift; path = Settings_CatArchives_TableViewCell.swift; sourceTree = "<group>"; };
		6557F7B81C2CFFB300E6780D /* CatArchiveItemTableViewCell.swift */ = {isa = PBXFileReference; fileEncoding = 4; lastKnownFileType = sourcecode.swift; path = CatArchiveItemTableViewCell.swift; sourceTree = "<group>"; };
		6557F7BA1C2CFFD100E6780D /* CatArchiveEditTableViewController.swift */ = {isa = PBXFileReference; fileEncoding = 4; lastKnownFileType = sourcecode.swift; path = CatArchiveEditTableViewController.swift; sourceTree = "<group>"; };
		6557F7BC1C2D02D300E6780D /* CatArchiveAvatarTableViewCell.swift */ = {isa = PBXFileReference; fileEncoding = 4; lastKnownFileType = sourcecode.swift; path = CatArchiveAvatarTableViewCell.swift; sourceTree = "<group>"; };
		6557F7C31C2D2B1A00E6780D /* CatArchiveListTableViewController.swift */ = {isa = PBXFileReference; fileEncoding = 4; lastKnownFileType = sourcecode.swift; path = CatArchiveListTableViewController.swift; sourceTree = "<group>"; };
		6557F7C51C2D2DDA00E6780D /* CatArchiveDetailTableViewController.swift */ = {isa = PBXFileReference; fileEncoding = 4; lastKnownFileType = sourcecode.swift; path = CatArchiveDetailTableViewController.swift; sourceTree = "<group>"; };
		65CE59941C2A7405008809B0 /* NearCat.app */ = {isa = PBXFileReference; explicitFileType = wrapper.application; includeInIndex = 0; path = NearCat.app; sourceTree = BUILT_PRODUCTS_DIR; };
		65CE59971C2A7405008809B0 /* AppDelegate.swift */ = {isa = PBXFileReference; lastKnownFileType = sourcecode.swift; name = AppDelegate.swift; path = NearCat/AppDelegate.swift; sourceTree = "<group>"; };
		65CE59991C2A7405008809B0 /* ViewController.swift */ = {isa = PBXFileReference; lastKnownFileType = sourcecode.swift; name = ViewController.swift; path = ../ViewController.swift; sourceTree = "<group>"; };
		65CE599C1C2A7405008809B0 /* Base */ = {isa = PBXFileReference; lastKnownFileType = file.storyboard; name = Base; path = Base.lproj/Main.storyboard; sourceTree = "<group>"; };
		65CE599E1C2A7405008809B0 /* Assets.xcassets */ = {isa = PBXFileReference; lastKnownFileType = folder.assetcatalog; path = Assets.xcassets; sourceTree = "<group>"; };
		65CE59A11C2A7405008809B0 /* Base */ = {isa = PBXFileReference; lastKnownFileType = file.storyboard; name = Base; path = Base.lproj/LaunchScreen.storyboard; sourceTree = "<group>"; };
		65CE59A31C2A7405008809B0 /* Info.plist */ = {isa = PBXFileReference; lastKnownFileType = text.plist.xml; name = Info.plist; path = NearCat/Info.plist; sourceTree = "<group>"; };
		65CE59A81C2A7405008809B0 /* NearCat.xctest */ = {isa = PBXFileReference; explicitFileType = wrapper.cfbundle; includeInIndex = 0; path = NearCat.xctest; sourceTree = BUILT_PRODUCTS_DIR; };
		65CE59AC1C2A7405008809B0 /* MAMapKitDemoTests.swift */ = {isa = PBXFileReference; lastKnownFileType = sourcecode.swift; path = MAMapKitDemoTests.swift; sourceTree = "<group>"; };
		65CE59AE1C2A7405008809B0 /* Info.plist */ = {isa = PBXFileReference; lastKnownFileType = text.plist.xml; path = Info.plist; sourceTree = "<group>"; };
		65CE59B71C2A743B008809B0 /* AMapSearchKit.framework */ = {isa = PBXFileReference; lastKnownFileType = wrapper.framework; name = AMapSearchKit.framework; path = SDK/AMapSearchKit.framework; sourceTree = "<group>"; };
		65CE59BD1C2A7507008809B0 /* UIKit.framework */ = {isa = PBXFileReference; lastKnownFileType = wrapper.framework; name = UIKit.framework; path = System/Library/Frameworks/UIKit.framework; sourceTree = SDKROOT; };
		65CE59BF1C2A7512008809B0 /* Foundation.framework */ = {isa = PBXFileReference; lastKnownFileType = wrapper.framework; name = Foundation.framework; path = System/Library/Frameworks/Foundation.framework; sourceTree = SDKROOT; };
		65CE59C11C2A751A008809B0 /* CoreGraphics.framework */ = {isa = PBXFileReference; lastKnownFileType = wrapper.framework; name = CoreGraphics.framework; path = System/Library/Frameworks/CoreGraphics.framework; sourceTree = SDKROOT; };
		65CE59C31C2A7528008809B0 /* QuartzCore.framework */ = {isa = PBXFileReference; lastKnownFileType = wrapper.framework; name = QuartzCore.framework; path = System/Library/Frameworks/QuartzCore.framework; sourceTree = SDKROOT; };
		65CE59C51C2A7532008809B0 /* CoreLocation.framework */ = {isa = PBXFileReference; lastKnownFileType = wrapper.framework; name = CoreLocation.framework; path = System/Library/Frameworks/CoreLocation.framework; sourceTree = SDKROOT; };
		65CE59C71C2A753A008809B0 /* CoreTelephony.framework */ = {isa = PBXFileReference; lastKnownFileType = wrapper.framework; name = CoreTelephony.framework; path = System/Library/Frameworks/CoreTelephony.framework; sourceTree = SDKROOT; };
		65CE59C91C2A7545008809B0 /* SystemConfiguration.framework */ = {isa = PBXFileReference; lastKnownFileType = wrapper.framework; name = SystemConfiguration.framework; path = System/Library/Frameworks/SystemConfiguration.framework; sourceTree = SDKROOT; };
		65CE59CB1C2A755C008809B0 /* libz.1.1.3.tbd */ = {isa = PBXFileReference; lastKnownFileType = "sourcecode.text-based-dylib-definition"; name = libz.1.1.3.tbd; path = usr/lib/libz.1.1.3.tbd; sourceTree = SDKROOT; };
		65CE59CD1C2A7568008809B0 /* libstdc++.6.0.9.tbd */ = {isa = PBXFileReference; lastKnownFileType = "sourcecode.text-based-dylib-definition"; name = "libstdc++.6.0.9.tbd"; path = "usr/lib/libstdc++.6.0.9.tbd"; sourceTree = SDKROOT; };
		65CE59CF1C2A7577008809B0 /* libc++.1.tbd */ = {isa = PBXFileReference; lastKnownFileType = "sourcecode.text-based-dylib-definition"; name = "libc++.1.tbd"; path = "usr/lib/libc++.1.tbd"; sourceTree = SDKROOT; };
		65CE59D11C2A7584008809B0 /* Security.framework */ = {isa = PBXFileReference; lastKnownFileType = wrapper.framework; name = Security.framework; path = System/Library/Frameworks/Security.framework; sourceTree = SDKROOT; };
		65CE59D41C2A75AD008809B0 /* libz.tbd */ = {isa = PBXFileReference; lastKnownFileType = "sourcecode.text-based-dylib-definition"; name = libz.tbd; path = usr/lib/libz.tbd; sourceTree = SDKROOT; };
		65CE59D61C2A7660008809B0 /* AMapDemoSwift-Bridging-Header.h */ = {isa = PBXFileReference; lastKnownFileType = sourcecode.c.h; name = "AMapDemoSwift-Bridging-Header.h"; path = "NearCat/AMapDemoSwift-Bridging-Header.h"; sourceTree = "<group>"; };
		65CE59D91C2AC59D008809B0 /* OpenGLES.framework */ = {isa = PBXFileReference; lastKnownFileType = wrapper.framework; name = OpenGLES.framework; path = System/Library/Frameworks/OpenGLES.framework; sourceTree = SDKROOT; };
		65CE59DB1C2AC5F0008809B0 /* libc++.tbd */ = {isa = PBXFileReference; lastKnownFileType = "sourcecode.text-based-dylib-definition"; name = "libc++.tbd"; path = "usr/lib/libc++.tbd"; sourceTree = SDKROOT; };
		65CE59DE1C2AC66D008809B0 /* MAMapKit.framework */ = {isa = PBXFileReference; lastKnownFileType = wrapper.framework; name = MAMapKit.framework; path = SDK/MAMapKit.framework; sourceTree = "<group>"; };
		65CE59E01C2AC68C008809B0 /* AMap.bundle */ = {isa = PBXFileReference; lastKnownFileType = "wrapper.plug-in"; name = AMap.bundle; path = ../SDK/MAMapKit.framework/Versions/3.2.1.94eef6d.752/Resources/AMap.bundle; sourceTree = "<group>"; };
		65CE59E71C2AF9E4008809B0 /* SearchResultTableViewCell.swift */ = {isa = PBXFileReference; fileEncoding = 4; lastKnownFileType = sourcecode.swift; path = SearchResultTableViewCell.swift; sourceTree = "<group>"; };
		65D54D181C30340100F7B450 /* SwiftyJSON.framework */ = {isa = PBXFileReference; lastKnownFileType = wrapper.framework; name = SwiftyJSON.framework; path = Carthage/Build/iOS/SwiftyJSON.framework; sourceTree = "<group>"; };
		65DAC81A1C2D8A7000335EFC /* CatArchiveDetailItemTableViewCell.swift */ = {isa = PBXFileReference; fileEncoding = 4; lastKnownFileType = sourcecode.swift; path = CatArchiveDetailItemTableViewCell.swift; sourceTree = "<group>"; };
		65DAC81C1C2D902A00335EFC /* FeedbackViewController.swift */ = {isa = PBXFileReference; fileEncoding = 4; lastKnownFileType = sourcecode.swift; path = FeedbackViewController.swift; sourceTree = "<group>"; };
		65DAC8291C2E55EF00335EFC /* MainNavigationController.swift */ = {isa = PBXFileReference; fileEncoding = 4; lastKnownFileType = sourcecode.swift; path = MainNavigationController.swift; sourceTree = "<group>"; };
		65DAC82B1C2E569600335EFC /* MainTabBarController.swift */ = {isa = PBXFileReference; fileEncoding = 4; lastKnownFileType = sourcecode.swift; path = MainTabBarController.swift; sourceTree = "<group>"; };
		65DAC82E1C2E578300335EFC /* MainRootViewController.swift */ = {isa = PBXFileReference; fileEncoding = 4; lastKnownFileType = sourcecode.swift; path = MainRootViewController.swift; sourceTree = "<group>"; };
		65DAC8391C2E5C7C00335EFC /* Constant.swift */ = {isa = PBXFileReference; fileEncoding = 4; lastKnownFileType = sourcecode.swift; name = Constant.swift; path = NearCat/Constant.swift; sourceTree = "<group>"; };
		65DAC83F1C2EB97F00335EFC /* NotificationAlertObserverProtocol.swift */ = {isa = PBXFileReference; fileEncoding = 4; lastKnownFileType = sourcecode.swift; path = NotificationAlertObserverProtocol.swift; sourceTree = "<group>"; };
		65DAC8411C2EBDA700335EFC /* LoginRequesterProtocol.swift */ = {isa = PBXFileReference; fileEncoding = 4; lastKnownFileType = sourcecode.swift; path = LoginRequesterProtocol.swift; sourceTree = "<group>"; };
		65EE13771C2C15CB000CA852 /* FServiceManager.framework */ = {isa = PBXFileReference; lastKnownFileType = wrapper.framework; name = FServiceManager.framework; path = Carthage/Build/iOS/FServiceManager.framework; sourceTree = "<group>"; };
/* End PBXFileReference section */

/* Begin PBXFrameworksBuildPhase section */
		65CE59911C2A7405008809B0 /* Frameworks */ = {
			isa = PBXFrameworksBuildPhase;
			buildActionMask = 2147483647;
			files = (
				65CE59DF1C2AC66D008809B0 /* MAMapKit.framework in Frameworks */,
				65CE59DC1C2AC5F0008809B0 /* libc++.tbd in Frameworks */,
				65D54D191C30340100F7B450 /* SwiftyJSON.framework in Frameworks */,
				65CE59DA1C2AC59D008809B0 /* OpenGLES.framework in Frameworks */,
				65CE59D51C2A75AD008809B0 /* libz.tbd in Frameworks */,
				65CE59D21C2A7584008809B0 /* Security.framework in Frameworks */,
				65CE59CE1C2A7568008809B0 /* libstdc++.6.0.9.tbd in Frameworks */,
				65CE59CA1C2A7545008809B0 /* SystemConfiguration.framework in Frameworks */,
				65CE59C81C2A753A008809B0 /* CoreTelephony.framework in Frameworks */,
				65CE59C61C2A7532008809B0 /* CoreLocation.framework in Frameworks */,
				6557F7AE1C2C655D00E6780D /* KeychainAccess.framework in Frameworks */,
				65CE59C41C2A7528008809B0 /* QuartzCore.framework in Frameworks */,
				65EE13781C2C15CB000CA852 /* FServiceManager.framework in Frameworks */,
				65CE59C21C2A751A008809B0 /* CoreGraphics.framework in Frameworks */,
				65CE59C01C2A7512008809B0 /* Foundation.framework in Frameworks */,
				65CE59BE1C2A7507008809B0 /* UIKit.framework in Frameworks */,
				65CE59B91C2A743B008809B0 /* AMapSearchKit.framework in Frameworks */,
				6557F7AC1C2C655D00E6780D /* Alamofire.framework in Frameworks */,
			);
			runOnlyForDeploymentPostprocessing = 0;
		};
		65CE59A51C2A7405008809B0 /* Frameworks */ = {
			isa = PBXFrameworksBuildPhase;
			buildActionMask = 2147483647;
			files = (
			);
			runOnlyForDeploymentPostprocessing = 0;
		};
/* End PBXFrameworksBuildPhase section */

/* Begin PBXGroup section */
		6557F7BE1C2D211D00E6780D /* Third Party */ = {
			isa = PBXGroup;
			children = (
				65D54D181C30340100F7B450 /* SwiftyJSON.framework */,
				6557F7AA1C2C655D00E6780D /* Alamofire.framework */,
				6557F7AB1C2C655D00E6780D /* KeychainAccess.framework */,
				65CE59DE1C2AC66D008809B0 /* MAMapKit.framework */,
				65CE59DB1C2AC5F0008809B0 /* libc++.tbd */,
				65CE59D91C2AC59D008809B0 /* OpenGLES.framework */,
				65CE59D41C2A75AD008809B0 /* libz.tbd */,
				65CE59D11C2A7584008809B0 /* Security.framework */,
				65CE59CF1C2A7577008809B0 /* libc++.1.tbd */,
				65CE59CD1C2A7568008809B0 /* libstdc++.6.0.9.tbd */,
				65CE59CB1C2A755C008809B0 /* libz.1.1.3.tbd */,
				65CE59C91C2A7545008809B0 /* SystemConfiguration.framework */,
				65CE59C71C2A753A008809B0 /* CoreTelephony.framework */,
				65CE59C51C2A7532008809B0 /* CoreLocation.framework */,
				65CE59C31C2A7528008809B0 /* QuartzCore.framework */,
				65CE59C11C2A751A008809B0 /* CoreGraphics.framework */,
				65CE59BF1C2A7512008809B0 /* Foundation.framework */,
				65CE59BD1C2A7507008809B0 /* UIKit.framework */,
				65CE59B71C2A743B008809B0 /* AMapSearchKit.framework */,
			);
			name = "Third Party";
			sourceTree = "<group>";
		};
		6557F7C21C2D2AFB00E6780D /* CatArchive */ = {
			isa = PBXGroup;
			children = (
				6557F7BA1C2CFFD100E6780D /* CatArchiveEditTableViewController.swift */,
				6557F7C31C2D2B1A00E6780D /* CatArchiveListTableViewController.swift */,
				6557F7C51C2D2DDA00E6780D /* CatArchiveDetailTableViewController.swift */,
			);
			name = CatArchive;
			sourceTree = "<group>";
		};
		65CE598B1C2A7405008809B0 = {
			isa = PBXGroup;
			children = (
				65CE59D31C2A758C008809B0 /* Framworks */,
				65CE59961C2A7405008809B0 /* NearCat */,
				65CE59971C2A7405008809B0 /* AppDelegate.swift */,
				65DAC8391C2E5C7C00335EFC /* Constant.swift */,
				65CE59A31C2A7405008809B0 /* Info.plist */,
				65CE59D61C2A7660008809B0 /* AMapDemoSwift-Bridging-Header.h */,
				65CE59AB1C2A7405008809B0 /* NearCatTests */,
				65CE59951C2A7405008809B0 /* Products */,
			);
			sourceTree = "<group>";
		};
		65CE59951C2A7405008809B0 /* Products */ = {
			isa = PBXGroup;
			children = (
				65CE59941C2A7405008809B0 /* NearCat.app */,
				65CE59A81C2A7405008809B0 /* NearCat.xctest */,
			);
			name = Products;
			sourceTree = "<group>";
		};
		65CE59961C2A7405008809B0 /* NearCat */ = {
			isa = PBXGroup;
			children = (
				65DAC83E1C2E604C00335EFC /* Protocols */,
				65CE59E91C2AFA76008809B0 /* Controllers */,
				65CE59E61C2AF9CD008809B0 /* Views */,
				65DAC8331C2E589A00335EFC /* Copy Bundle Resources */,
			);
			path = NearCat;
			sourceTree = "<group>";
		};
		65CE59AB1C2A7405008809B0 /* NearCatTests */ = {
			isa = PBXGroup;
			children = (
				65CE59AC1C2A7405008809B0 /* MAMapKitDemoTests.swift */,
				65CE59AE1C2A7405008809B0 /* Info.plist */,
			);
			path = NearCatTests;
			sourceTree = "<group>";
		};
		65CE59D31C2A758C008809B0 /* Framworks */ = {
			isa = PBXGroup;
			children = (
				65EE13771C2C15CB000CA852 /* FServiceManager.framework */,
				6557F7BE1C2D211D00E6780D /* Third Party */,
			);
			name = Framworks;
			sourceTree = "<group>";
		};
		65CE59E61C2AF9CD008809B0 /* Views */ = {
			isa = PBXGroup;
			children = (
				65DAC8311C2E584D00335EFC /* Map */,
				65DAC8191C2D747800335EFC /* Settings */,
				65DAC8181C2D746C00335EFC /* CatArchive */,
			);
			path = Views;
			sourceTree = "<group>";
		};
		65CE59E91C2AFA76008809B0 /* Controllers */ = {
			isa = PBXGroup;
			children = (
				65DAC8321C2E585500335EFC /* Map */,
				6557F7C21C2D2AFB00E6780D /* CatArchive */,
				65DAC8301C2E583B00335EFC /* Settings */,
				65DAC82D1C2E56A500335EFC /* Main */,
			);
			path = Controllers;
			sourceTree = "<group>";
		};
		65DAC8181C2D746C00335EFC /* CatArchive */ = {
			isa = PBXGroup;
			children = (
				6557F7B81C2CFFB300E6780D /* CatArchiveItemTableViewCell.swift */,
				6557F7BC1C2D02D300E6780D /* CatArchiveAvatarTableViewCell.swift */,
				65DAC81A1C2D8A7000335EFC /* CatArchiveDetailItemTableViewCell.swift */,
			);
			name = CatArchive;
			sourceTree = "<group>";
		};
		65DAC8191C2D747800335EFC /* Settings */ = {
			isa = PBXGroup;
			children = (
				6557F7B41C2CF5ED00E6780D /* Settings_FindMe_TableViewCell.swift */,
				6557F7B61C2CF67700E6780D /* Settings_CatArchives_TableViewCell.swift */,
			);
			name = Settings;
			sourceTree = "<group>";
		};
		65DAC82D1C2E56A500335EFC /* Main */ = {
			isa = PBXGroup;
			children = (
				65DAC8291C2E55EF00335EFC /* MainNavigationController.swift */,
				65DAC82B1C2E569600335EFC /* MainTabBarController.swift */,
				65DAC82E1C2E578300335EFC /* MainRootViewController.swift */,
			);
			name = Main;
			sourceTree = "<group>";
		};
		65DAC8301C2E583B00335EFC /* Settings */ = {
			isa = PBXGroup;
			children = (
				6557F7B21C2CF13800E6780D /* SettingsTableViewController.swift */,
				65DAC81C1C2D902A00335EFC /* FeedbackViewController.swift */,
			);
			name = Settings;
			sourceTree = "<group>";
		};
		65DAC8311C2E584D00335EFC /* Map */ = {
			isa = PBXGroup;
			children = (
				65CE59E71C2AF9E4008809B0 /* SearchResultTableViewCell.swift */,
			);
			name = Map;
			sourceTree = "<group>";
		};
		65DAC8321C2E585500335EFC /* Map */ = {
			isa = PBXGroup;
			children = (
				65CE59991C2A7405008809B0 /* ViewController.swift */,
			);
			name = Map;
			sourceTree = "<group>";
		};
		65DAC8331C2E589A00335EFC /* Copy Bundle Resources */ = {
			isa = PBXGroup;
			children = (
				65CE59E01C2AC68C008809B0 /* AMap.bundle */,
				65CE599B1C2A7405008809B0 /* Main.storyboard */,
				65CE599E1C2A7405008809B0 /* Assets.xcassets */,
				65CE59A01C2A7405008809B0 /* LaunchScreen.storyboard */,
			);
			name = "Copy Bundle Resources";
			sourceTree = "<group>";
		};
		65DAC83E1C2E604C00335EFC /* Protocols */ = {
			isa = PBXGroup;
			children = (
				65DAC83F1C2EB97F00335EFC /* NotificationAlertObserverProtocol.swift */,
				65DAC8411C2EBDA700335EFC /* LoginRequesterProtocol.swift */,
			);
			path = Protocols;
			sourceTree = "<group>";
		};
/* End PBXGroup section */

/* Begin PBXNativeTarget section */
		65CE59931C2A7405008809B0 /* NearCat */ = {
			isa = PBXNativeTarget;
			buildConfigurationList = 65CE59B11C2A7405008809B0 /* Build configuration list for PBXNativeTarget "NearCat" */;
			buildPhases = (
				65CE59901C2A7405008809B0 /* Sources */,
				65CE59911C2A7405008809B0 /* Frameworks */,
				65CE59921C2A7405008809B0 /* Resources */,
				65EE137A1C2C15CB000CA852 /* Embed Frameworks */,
				65EE137B1C2C1676000CA852 /* Run Script For Carthage */,
				65DAC81E1C2D9B7900335EFC /* Run Script For Build Version */,
			);
			buildRules = (
			);
			dependencies = (
			);
			name = NearCat;
			productName = MAMapKitDemo;
			productReference = 65CE59941C2A7405008809B0 /* NearCat.app */;
			productType = "com.apple.product-type.application";
		};
		65CE59A71C2A7405008809B0 /* NearCatTests */ = {
			isa = PBXNativeTarget;
			buildConfigurationList = 65CE59B41C2A7405008809B0 /* Build configuration list for PBXNativeTarget "NearCatTests" */;
			buildPhases = (
				65CE59A41C2A7405008809B0 /* Sources */,
				65CE59A51C2A7405008809B0 /* Frameworks */,
				65CE59A61C2A7405008809B0 /* Resources */,
			);
			buildRules = (
			);
			dependencies = (
				65CE59AA1C2A7405008809B0 /* PBXTargetDependency */,
			);
			name = NearCatTests;
			productName = MAMapKitDemoTests;
			productReference = 65CE59A81C2A7405008809B0 /* NearCat.xctest */;
			productType = "com.apple.product-type.bundle.unit-test";
		};
/* End PBXNativeTarget section */

/* Begin PBXProject section */
		65CE598C1C2A7405008809B0 /* Project object */ = {
			isa = PBXProject;
			attributes = {
				LastSwiftUpdateCheck = 0720;
				LastUpgradeCheck = 0720;
				ORGANIZATIONNAME = Bijiabo;
				TargetAttributes = {
					65CE59931C2A7405008809B0 = {
						CreatedOnToolsVersion = 7.2;
						DevelopmentTeam = UJX2Y9KP7Y;
					};
					65CE59A71C2A7405008809B0 = {
						CreatedOnToolsVersion = 7.2;
						TestTargetID = 65CE59931C2A7405008809B0;
					};
				};
			};
			buildConfigurationList = 65CE598F1C2A7405008809B0 /* Build configuration list for PBXProject "NearCat" */;
			compatibilityVersion = "Xcode 3.2";
			developmentRegion = English;
			hasScannedForEncodings = 0;
			knownRegions = (
				en,
				Base,
			);
			mainGroup = 65CE598B1C2A7405008809B0;
			productRefGroup = 65CE59951C2A7405008809B0 /* Products */;
			projectDirPath = "";
			projectRoot = "";
			targets = (
				65CE59931C2A7405008809B0 /* NearCat */,
				65CE59A71C2A7405008809B0 /* NearCatTests */,
			);
		};
/* End PBXProject section */

/* Begin PBXResourcesBuildPhase section */
		65CE59921C2A7405008809B0 /* Resources */ = {
			isa = PBXResourcesBuildPhase;
			buildActionMask = 2147483647;
			files = (
				65CE59E11C2AC68C008809B0 /* AMap.bundle in Resources */,
				65CE59A21C2A7405008809B0 /* LaunchScreen.storyboard in Resources */,
				65CE599F1C2A7405008809B0 /* Assets.xcassets in Resources */,
				65CE599D1C2A7405008809B0 /* Main.storyboard in Resources */,
			);
			runOnlyForDeploymentPostprocessing = 0;
		};
		65CE59A61C2A7405008809B0 /* Resources */ = {
			isa = PBXResourcesBuildPhase;
			buildActionMask = 2147483647;
			files = (
			);
			runOnlyForDeploymentPostprocessing = 0;
		};
/* End PBXResourcesBuildPhase section */

/* Begin PBXShellScriptBuildPhase section */
		65DAC81E1C2D9B7900335EFC /* Run Script For Build Version */ = {
			isa = PBXShellScriptBuildPhase;
			buildActionMask = 2147483647;
			files = (
			);
			inputPaths = (
			);
			name = "Run Script For Build Version";
			outputPaths = (
			);
			runOnlyForDeploymentPostprocessing = 0;
			shellPath = /bin/sh;
			shellScript = "buildNumber=$(/usr/libexec/PlistBuddy -c \"Print CFBundleVersion\" \"$INFOPLIST_FILE\")\nbuildNumber=$(($buildNumber + 1))\n/usr/libexec/PlistBuddy -c \"Set :CFBundleVersion $buildNumber\" \"$INFOPLIST_FILE\"";
		};
		65EE137B1C2C1676000CA852 /* Run Script For Carthage */ = {
			isa = PBXShellScriptBuildPhase;
			buildActionMask = 2147483647;
			files = (
			);
			inputPaths = (
				"$(SRCROOT)/Carthage/Build/iOS/Alamofire.framework",
				"$(SRCROOT)/Carthage/Build/iOS/FServiceManager.framework",
				"$(SRCROOT)/Carthage/Build/iOS/KeychainAccess.framework",
				"$(SRCROOT)/Carthage/Build/iOS/SwiftyJSON.framework",
			);
			name = "Run Script For Carthage";
			outputPaths = (
			);
			runOnlyForDeploymentPostprocessing = 0;
			shellPath = /bin/sh;
			shellScript = "/usr/local/bin/carthage copy-frameworks";
		};
/* End PBXShellScriptBuildPhase section */

/* Begin PBXSourcesBuildPhase section */
		65CE59901C2A7405008809B0 /* Sources */ = {
			isa = PBXSourcesBuildPhase;
			buildActionMask = 2147483647;
			files = (
				6557F7B31C2CF13800E6780D /* SettingsTableViewController.swift in Sources */,
				65DAC8401C2EB97F00335EFC /* NotificationAlertObserverProtocol.swift in Sources */,
				65DAC83A1C2E5C7C00335EFC /* Constant.swift in Sources */,
				6557F7BB1C2CFFD100E6780D /* CatArchiveEditTableViewController.swift in Sources */,
				65DAC8421C2EBDA700335EFC /* LoginRequesterProtocol.swift in Sources */,
				65DAC82C1C2E569600335EFC /* MainTabBarController.swift in Sources */,
				65CE599A1C2A7405008809B0 /* ViewController.swift in Sources */,
				6557F7BD1C2D02D300E6780D /* CatArchiveAvatarTableViewCell.swift in Sources */,
				65DAC82A1C2E55EF00335EFC /* MainNavigationController.swift in Sources */,
				6557F7B71C2CF67700E6780D /* Settings_CatArchives_TableViewCell.swift in Sources */,
				6557F7B51C2CF5ED00E6780D /* Settings_FindMe_TableViewCell.swift in Sources */,
				65CE59981C2A7405008809B0 /* AppDelegate.swift in Sources */,
				65CE59E81C2AF9E4008809B0 /* SearchResultTableViewCell.swift in Sources */,
				6557F7B91C2CFFB300E6780D /* CatArchiveItemTableViewCell.swift in Sources */,
				65DAC81B1C2D8A7000335EFC /* CatArchiveDetailItemTableViewCell.swift in Sources */,
				65DAC81D1C2D902A00335EFC /* FeedbackViewController.swift in Sources */,
				6557F7C61C2D2DDA00E6780D /* CatArchiveDetailTableViewController.swift in Sources */,
				6557F7C41C2D2B1A00E6780D /* CatArchiveListTableViewController.swift in Sources */,
				65DAC82F1C2E578300335EFC /* MainRootViewController.swift in Sources */,
			);
			runOnlyForDeploymentPostprocessing = 0;
		};
		65CE59A41C2A7405008809B0 /* Sources */ = {
			isa = PBXSourcesBuildPhase;
			buildActionMask = 2147483647;
			files = (
				65CE59AD1C2A7405008809B0 /* MAMapKitDemoTests.swift in Sources */,
			);
			runOnlyForDeploymentPostprocessing = 0;
		};
/* End PBXSourcesBuildPhase section */

/* Begin PBXTargetDependency section */
		65CE59AA1C2A7405008809B0 /* PBXTargetDependency */ = {
			isa = PBXTargetDependency;
			target = 65CE59931C2A7405008809B0 /* NearCat */;
			targetProxy = 65CE59A91C2A7405008809B0 /* PBXContainerItemProxy */;
		};
/* End PBXTargetDependency section */

/* Begin PBXVariantGroup section */
		65CE599B1C2A7405008809B0 /* Main.storyboard */ = {
			isa = PBXVariantGroup;
			children = (
				65CE599C1C2A7405008809B0 /* Base */,
			);
			name = Main.storyboard;
			sourceTree = "<group>";
		};
		65CE59A01C2A7405008809B0 /* LaunchScreen.storyboard */ = {
			isa = PBXVariantGroup;
			children = (
				65CE59A11C2A7405008809B0 /* Base */,
			);
			name = LaunchScreen.storyboard;
			sourceTree = "<group>";
		};
/* End PBXVariantGroup section */

/* Begin XCBuildConfiguration section */
		65CE59AF1C2A7405008809B0 /* Debug */ = {
			isa = XCBuildConfiguration;
			buildSettings = {
				ALWAYS_SEARCH_USER_PATHS = NO;
				CLANG_CXX_LANGUAGE_STANDARD = "gnu++0x";
				CLANG_CXX_LIBRARY = "libc++";
				CLANG_ENABLE_MODULES = YES;
				CLANG_ENABLE_OBJC_ARC = YES;
				CLANG_WARN_BOOL_CONVERSION = YES;
				CLANG_WARN_CONSTANT_CONVERSION = YES;
				CLANG_WARN_DIRECT_OBJC_ISA_USAGE = YES_ERROR;
				CLANG_WARN_EMPTY_BODY = YES;
				CLANG_WARN_ENUM_CONVERSION = YES;
				CLANG_WARN_INT_CONVERSION = YES;
				CLANG_WARN_OBJC_ROOT_CLASS = YES_ERROR;
				CLANG_WARN_UNREACHABLE_CODE = YES;
				CLANG_WARN__DUPLICATE_METHOD_MATCH = YES;
				"CODE_SIGN_IDENTITY[sdk=iphoneos*]" = "iPhone Developer";
				COPY_PHASE_STRIP = NO;
				DEBUG_INFORMATION_FORMAT = dwarf;
				ENABLE_STRICT_OBJC_MSGSEND = YES;
				ENABLE_TESTABILITY = YES;
				GCC_C_LANGUAGE_STANDARD = gnu99;
				GCC_DYNAMIC_NO_PIC = NO;
				GCC_NO_COMMON_BLOCKS = YES;
				GCC_OPTIMIZATION_LEVEL = 0;
				GCC_PREPROCESSOR_DEFINITIONS = (
					"DEBUG=1",
					"$(inherited)",
				);
				GCC_WARN_64_TO_32_BIT_CONVERSION = YES;
				GCC_WARN_ABOUT_RETURN_TYPE = YES_ERROR;
				GCC_WARN_UNDECLARED_SELECTOR = YES;
				GCC_WARN_UNINITIALIZED_AUTOS = YES_AGGRESSIVE;
				GCC_WARN_UNUSED_FUNCTION = YES;
				GCC_WARN_UNUSED_VARIABLE = YES;
				IPHONEOS_DEPLOYMENT_TARGET = 8.0;
				MTL_ENABLE_DEBUG_INFO = YES;
				ONLY_ACTIVE_ARCH = YES;
				SDKROOT = iphoneos;
				SWIFT_OPTIMIZATION_LEVEL = "-Onone";
			};
			name = Debug;
		};
		65CE59B01C2A7405008809B0 /* Release */ = {
			isa = XCBuildConfiguration;
			buildSettings = {
				ALWAYS_SEARCH_USER_PATHS = NO;
				CLANG_CXX_LANGUAGE_STANDARD = "gnu++0x";
				CLANG_CXX_LIBRARY = "libc++";
				CLANG_ENABLE_MODULES = YES;
				CLANG_ENABLE_OBJC_ARC = YES;
				CLANG_WARN_BOOL_CONVERSION = YES;
				CLANG_WARN_CONSTANT_CONVERSION = YES;
				CLANG_WARN_DIRECT_OBJC_ISA_USAGE = YES_ERROR;
				CLANG_WARN_EMPTY_BODY = YES;
				CLANG_WARN_ENUM_CONVERSION = YES;
				CLANG_WARN_INT_CONVERSION = YES;
				CLANG_WARN_OBJC_ROOT_CLASS = YES_ERROR;
				CLANG_WARN_UNREACHABLE_CODE = YES;
				CLANG_WARN__DUPLICATE_METHOD_MATCH = YES;
				"CODE_SIGN_IDENTITY[sdk=iphoneos*]" = "iPhone Developer";
				COPY_PHASE_STRIP = NO;
				DEBUG_INFORMATION_FORMAT = "dwarf-with-dsym";
				ENABLE_NS_ASSERTIONS = NO;
				ENABLE_STRICT_OBJC_MSGSEND = YES;
				GCC_C_LANGUAGE_STANDARD = gnu99;
				GCC_NO_COMMON_BLOCKS = YES;
				GCC_WARN_64_TO_32_BIT_CONVERSION = YES;
				GCC_WARN_ABOUT_RETURN_TYPE = YES_ERROR;
				GCC_WARN_UNDECLARED_SELECTOR = YES;
				GCC_WARN_UNINITIALIZED_AUTOS = YES_AGGRESSIVE;
				GCC_WARN_UNUSED_FUNCTION = YES;
				GCC_WARN_UNUSED_VARIABLE = YES;
				IPHONEOS_DEPLOYMENT_TARGET = 8.0;
				MTL_ENABLE_DEBUG_INFO = NO;
				SDKROOT = iphoneos;
				VALIDATE_PRODUCT = YES;
			};
			name = Release;
		};
		65CE59B21C2A7405008809B0 /* Debug */ = {
			isa = XCBuildConfiguration;
			buildSettings = {
				ASSETCATALOG_COMPILER_APPICON_NAME = AppIcon;
				CODE_SIGN_IDENTITY = "iPhone Developer";
				"CODE_SIGN_IDENTITY[sdk=iphoneos*]" = "iPhone Developer";
				FRAMEWORK_SEARCH_PATHS = (
					"$(inherited)",
					"$(PROJECT_DIR)/SDK",
					"$(PROJECT_DIR)/Carthage/Build/iOS",
				);
				INFOPLIST_FILE = "$(SRCROOT)/NearCat/Info.plist";
				LD_RUNPATH_SEARCH_PATHS = "$(inherited) @executable_path/Frameworks";
				OTHER_LDFLAGS = "-ObjC";
				PRODUCT_BUNDLE_IDENTIFIER = cat.near.cn;
				PRODUCT_NAME = NearCat;
				PROVISIONING_PROFILE = "";
				SWIFT_OBJC_BRIDGING_HEADER = "$(PROJECT_DIR)/NearCat/AMapDemoSwift-Bridging-Header.h";
			};
			name = Debug;
		};
		65CE59B31C2A7405008809B0 /* Release */ = {
			isa = XCBuildConfiguration;
			buildSettings = {
				ASSETCATALOG_COMPILER_APPICON_NAME = AppIcon;
				CODE_SIGN_IDENTITY = "iPhone Developer";
				"CODE_SIGN_IDENTITY[sdk=iphoneos*]" = "iPhone Developer";
				FRAMEWORK_SEARCH_PATHS = (
					"$(inherited)",
					"$(PROJECT_DIR)/SDK",
					"$(PROJECT_DIR)/Carthage/Build/iOS",
				);
				INFOPLIST_FILE = "$(SRCROOT)/NearCat/Info.plist";
				LD_RUNPATH_SEARCH_PATHS = "$(inherited) @executable_path/Frameworks";
				OTHER_LDFLAGS = "-ObjC";
				PRODUCT_BUNDLE_IDENTIFIER = cat.near.cn;
				PRODUCT_NAME = NearCat;
				PROVISIONING_PROFILE = "";
				SWIFT_OBJC_BRIDGING_HEADER = "$(PROJECT_DIR)/NearCat/AMapDemoSwift-Bridging-Header.h";
			};
			name = Release;
		};
		65CE59B51C2A7405008809B0 /* Debug */ = {
			isa = XCBuildConfiguration;
			buildSettings = {
				BUNDLE_LOADER = "$(TEST_HOST)";
				INFOPLIST_FILE = NearCatTests/Info.plist;
				LD_RUNPATH_SEARCH_PATHS = "$(inherited) @executable_path/Frameworks @loader_path/Frameworks";
				PRODUCT_BUNDLE_IDENTIFIER = com.bijiabo.MAMapKitDemoTests;
				PRODUCT_NAME = NearCat;
				TEST_HOST = "$(BUILT_PRODUCTS_DIR)/NearCat.app/NearCat";
			};
			name = Debug;
		};
		65CE59B61C2A7405008809B0 /* Release */ = {
			isa = XCBuildConfiguration;
			buildSettings = {
				BUNDLE_LOADER = "$(TEST_HOST)";
				INFOPLIST_FILE = NearCatTests/Info.plist;
				LD_RUNPATH_SEARCH_PATHS = "$(inherited) @executable_path/Frameworks @loader_path/Frameworks";
				PRODUCT_BUNDLE_IDENTIFIER = com.bijiabo.MAMapKitDemoTests;
				PRODUCT_NAME = NearCat;
				TEST_HOST = "$(BUILT_PRODUCTS_DIR)/NearCat.app/NearCat";
			};
			name = Release;
		};
/* End XCBuildConfiguration section */

/* Begin XCConfigurationList section */
		65CE598F1C2A7405008809B0 /* Build configuration list for PBXProject "NearCat" */ = {
			isa = XCConfigurationList;
			buildConfigurations = (
				65CE59AF1C2A7405008809B0 /* Debug */,
				65CE59B01C2A7405008809B0 /* Release */,
			);
			defaultConfigurationIsVisible = 0;
			defaultConfigurationName = Release;
		};
		65CE59B11C2A7405008809B0 /* Build configuration list for PBXNativeTarget "NearCat" */ = {
			isa = XCConfigurationList;
			buildConfigurations = (
				65CE59B21C2A7405008809B0 /* Debug */,
				65CE59B31C2A7405008809B0 /* Release */,
			);
			defaultConfigurationIsVisible = 0;
			defaultConfigurationName = Release;
		};
		65CE59B41C2A7405008809B0 /* Build configuration list for PBXNativeTarget "NearCatTests" */ = {
			isa = XCConfigurationList;
			buildConfigurations = (
				65CE59B51C2A7405008809B0 /* Debug */,
				65CE59B61C2A7405008809B0 /* Release */,
			);
			defaultConfigurationIsVisible = 0;
			defaultConfigurationName = Release;
		};
/* End XCConfigurationList section */
	};
	rootObject = 65CE598C1C2A7405008809B0 /* Project object */;
}
